
Microsoft Visual Studio Solution File, Format Version 12.00
# Visual Studio Version 17
VisualStudioVersion = 17.8.34525.116
MinimumVisualStudioVersion = 10.0.40219.1
Project("{9A19103F-16F7-4668-BE54-9A1E7A4F7556}") = "UnitTests.Console", "UnitTests\UnitTests.Console.csproj", "{205A28A3-D30C-49E8-B990-469953A420FC}"
EndProject
Project("{FAE04EC0-301F-11D3-BF4B-00C04F79EFBC}") = "UnitTest.Network", "UnitTest.Network\UnitTest.Network.csproj", "{0985B623-3A12-496B-81BC-3CD711DDD071}"
EndProject
Project("{FAE04EC0-301F-11D3-BF4B-00C04F79EFBC}") = "UnitTest.Network.Test", "UnitTest.Network.Test\UnitTest.Network.Test.csproj", "{AF00F8F4-EDF9-4FBE-A644-3FF64083466C}"
EndProject
Global
	GlobalSection(SolutionConfigurationPlatforms) = preSolution
		Debug|Any CPU = Debug|Any CPU
		Release|Any CPU = Release|Any CPU
	EndGlobalSection
	GlobalSection(ProjectConfigurationPlatforms) = postSolution
		{205A28A3-D30C-49E8-B990-469953A420FC}.Debug|Any CPU.ActiveCfg = Debug|Any CPU
		{205A28A3-D30C-49E8-B990-469953A420FC}.Debug|Any CPU.Build.0 = Debug|Any CPU
		{205A28A3-D30C-49E8-B990-469953A420FC}.Release|Any CPU.ActiveCfg = Release|Any CPU
		{205A28A3-D30C-49E8-B990-469953A420FC}.Release|Any CPU.Build.0 = Release|Any CPU
		{0985B623-3A12-496B-81BC-3CD711DDD071}.Debug|Any CPU.ActiveCfg = Debug|Any CPU
		{0985B623-3A12-496B-81BC-3CD711DDD071}.Debug|Any CPU.Build.0 = Debug|Any CPU
		{0985B623-3A12-496B-81BC-3CD711DDD071}.Release|Any CPU.ActiveCfg = Release|Any CPU
		{0985B623-3A12-496B-81BC-3CD711DDD071}.Release|Any CPU.Build.0 = Release|Any CPU
		{AF00F8F4-EDF9-4FBE-A644-3FF64083466C}.Debug|Any CPU.ActiveCfg = Debug|Any CPU
		{AF00F8F4-EDF9-4FBE-A644-3FF64083466C}.Debug|Any CPU.Build.0 = Debug|Any CPU
		{AF00F8F4-EDF9-4FBE-A644-3FF64083466C}.Release|Any CPU.ActiveCfg = Release|Any CPU
		{AF00F8F4-EDF9-4FBE-A644-3FF64083466C}.Release|Any CPU.Build.0 = Release|Any CPU
	EndGlobalSection
	GlobalSection(SolutionProperties) = preSolution
		HideSolutionNode = FALSE
	EndGlobalSection
	GlobalSection(ExtensibilityGlobals) = postSolution
		SolutionGuid = {308292DE-E25A-440C-81C6-0732163041EE}
	EndGlobalSection
EndGlobal
